// !$*UTF8*$!
{
	archiveVersion = 1;
	classes = {
	};
	objectVersion = 46;
	objects = {

/* Begin PBXBuildFile section */
		79BDA8BD1C29E1CC00A18D51 /* main.m in Sources */ = {isa = PBXBuildFile; fileRef = 79BDA8BC1C29E1CC00A18D51 /* main.m */; };
		79BDA8C01C29E1CC00A18D51 /* AppDelegate.m in Sources */ = {isa = PBXBuildFile; fileRef = 79BDA8BF1C29E1CC00A18D51 /* AppDelegate.m */; };
		79BDA8C61C29E1CC00A18D51 /* Main.storyboard in Resources */ = {isa = PBXBuildFile; fileRef = 79BDA8C41C29E1CC00A18D51 /* Main.storyboard */; };
		79BDA8C81C29E1CC00A18D51 /* Assets.xcassets in Resources */ = {isa = PBXBuildFile; fileRef = 79BDA8C71C29E1CC00A18D51 /* Assets.xcassets */; };
		79BDA8CB1C29E1CC00A18D51 /* LaunchScreen.storyboard in Resources */ = {isa = PBXBuildFile; fileRef = 79BDA8C91C29E1CC00A18D51 /* LaunchScreen.storyboard */; };
		79BDA8D61C29E1CC00A18D51 /* QuizTests.m in Sources */ = {isa = PBXBuildFile; fileRef = 79BDA8D51C29E1CC00A18D51 /* QuizTests.m */; };
		79BDA8E11C29E1CD00A18D51 /* QuizUITests.m in Sources */ = {isa = PBXBuildFile; fileRef = 79BDA8E01C29E1CD00A18D51 /* QuizUITests.m */; };
		79D8477E1C2B2B4800540CAB /* QuizViewController.m in Sources */ = {isa = PBXBuildFile; fileRef = 79D8477C1C2B2B4800540CAB /* QuizViewController.m */; };
		79D8477F1C2B2B4800540CAB /* QuizViewController.xib in Resources */ = {isa = PBXBuildFile; fileRef = 79D8477D1C2B2B4800540CAB /* QuizViewController.xib */; };
/* End PBXBuildFile section */

/* Begin PBXContainerItemProxy section */
		79BDA8D21C29E1CC00A18D51 /* PBXContainerItemProxy */ = {
			isa = PBXContainerItemProxy;
			containerPortal = 79BDA8B01C29E1CC00A18D51 /* Project object */;
			proxyType = 1;
			remoteGlobalIDString = 79BDA8B71C29E1CC00A18D51;
			remoteInfo = Quiz;
		};
		79BDA8DD1C29E1CD00A18D51 /* PBXContainerItemProxy */ = {
			isa = PBXContainerItemProxy;
			containerPortal = 79BDA8B01C29E1CC00A18D51 /* Project object */;
			proxyType = 1;
			remoteGlobalIDString = 79BDA8B71C29E1CC00A18D51;
			remoteInfo = Quiz;
		};
/* End PBXContainerItemProxy section */

/* Begin PBXFileReference section */
		79BDA8B81C29E1CC00A18D51 /* Quiz.app */ = {isa = PBXFileReference; explicitFileType = wrapper.application; includeInIndex = 0; path = Quiz.app; sourceTree = BUILT_PRODUCTS_DIR; };
		79BDA8BC1C29E1CC00A18D51 /* main.m */ = {isa = PBXFileReference; lastKnownFileType = sourcecode.c.objc; path = main.m; sourceTree = "<group>"; };
		79BDA8BE1C29E1CC00A18D51 /* AppDelegate.h */ = {isa = PBXFileReference; lastKnownFileType = sourcecode.c.h; path = AppDelegate.h; sourceTree = "<group>"; };
		79BDA8BF1C29E1CC00A18D51 /* AppDelegate.m */ = {isa = PBXFileReference; lastKnownFileType = sourcecode.c.objc; path = AppDelegate.m; sourceTree = "<group>"; };
		79BDA8C51C29E1CC00A18D51 /* Base */ = {isa = PBXFileReference; lastKnownFileType = file.storyboard; name = Base; path = Base.lproj/Main.storyboard; sourceTree = "<group>"; };
		79BDA8C71C29E1CC00A18D51 /* Assets.xcassets */ = {isa = PBXFileReference; lastKnownFileType = folder.assetcatalog; path = Assets.xcassets; sourceTree = "<group>"; };
		79BDA8CA1C29E1CC00A18D51 /* Base */ = {isa = PBXFileReference; lastKnownFileType = file.storyboard; name = Base; path = Base.lproj/LaunchScreen.storyboard; sourceTree = "<group>"; };
		79BDA8CC1C29E1CC00A18D51 /* Info.plist */ = {isa = PBXFileReference; lastKnownFileType = text.plist.xml; path = Info.plist; sourceTree = "<group>"; };
		79BDA8D11C29E1CC00A18D51 /* QuizTests.xctest */ = {isa = PBXFileReference; explicitFileType = wrapper.cfbundle; includeInIndex = 0; path = QuizTests.xctest; sourceTree = BUILT_PRODUCTS_DIR; };
		79BDA8D51C29E1CC00A18D51 /* QuizTests.m */ = {isa = PBXFileReference; lastKnownFileType = sourcecode.c.objc; path = QuizTests.m; sourceTree = "<group>"; };
		79BDA8D71C29E1CC00A18D51 /* Info.plist */ = {isa = PBXFileReference; lastKnownFileType = text.plist.xml; path = Info.plist; sourceTree = "<group>"; };
		79BDA8DC1C29E1CD00A18D51 /* QuizUITests.xctest */ = {isa = PBXFileReference; explicitFileType = wrapper.cfbundle; includeInIndex = 0; path = QuizUITests.xctest; sourceTree = BUILT_PRODUCTS_DIR; };
		79BDA8E01C29E1CD00A18D51 /* QuizUITests.m */ = {isa = PBXFileReference; lastKnownFileType = sourcecode.c.objc; path = QuizUITests.m; sourceTree = "<group>"; };
		79BDA8E21C29E1CD00A18D51 /* Info.plist */ = {isa = PBXFileReference; lastKnownFileType = text.plist.xml; path = Info.plist; sourceTree = "<group>"; };
		79D8477B1C2B2B4800540CAB /* QuizViewController.h */ = {isa = PBXFileReference; fileEncoding = 4; lastKnownFileType = sourcecode.c.h; path = QuizViewController.h; sourceTree = "<group>"; };
		79D8477C1C2B2B4800540CAB /* QuizViewController.m */ = {isa = PBXFileReference; fileEncoding = 4; lastKnownFileType = sourcecode.c.objc; path = QuizViewController.m; sourceTree = "<group>"; };
		79D8477D1C2B2B4800540CAB /* QuizViewController.xib */ = {isa = PBXFileReference; fileEncoding = 4; lastKnownFileType = file.xib; path = QuizViewController.xib; sourceTree = "<group>"; };
/* End PBXFileReference section */

/* Begin PBXFrameworksBuildPhase section */
		79BDA8B51C29E1CC00A18D51 /* Frameworks */ = {
			isa = PBXFrameworksBuildPhase;
			buildActionMask = 2147483647;
			files = (
			);
			runOnlyForDeploymentPostprocessing = 0;
		};
		79BDA8CE1C29E1CC00A18D51 /* Frameworks */ = {
			isa = PBXFrameworksBuildPhase;
			buildActionMask = 2147483647;
			files = (
			);
			runOnlyForDeploymentPostprocessing = 0;
		};
		79BDA8D91C29E1CD00A18D51 /* Frameworks */ = {
			isa = PBXFrameworksBuildPhase;
			buildActionMask = 2147483647;
			files = (
			);
			runOnlyForDeploymentPostprocessing = 0;
		};
/* End PBXFrameworksBuildPhase section */

/* Begin PBXGroup section */
		79BDA8AF1C29E1CC00A18D51 = {
			isa = PBXGroup;
			children = (
				79BDA8BA1C29E1CC00A18D51 /* Quiz */,
				79BDA8D41C29E1CC00A18D51 /* QuizTests */,
				79BDA8DF1C29E1CD00A18D51 /* QuizUITests */,
				79BDA8B91C29E1CC00A18D51 /* Products */,
			);
			sourceTree = "<group>";
		};
		79BDA8B91C29E1CC00A18D51 /* Products */ = {
			isa = PBXGroup;
			children = (
				79BDA8B81C29E1CC00A18D51 /* Quiz.app */,
				79BDA8D11C29E1CC00A18D51 /* QuizTests.xctest */,
				79BDA8DC1C29E1CD00A18D51 /* QuizUITests.xctest */,
			);
			name = Products;
			sourceTree = "<group>";
		};
		79BDA8BA1C29E1CC00A18D51 /* Quiz */ = {
			isa = PBXGroup;
			children = (
				79BDA8BE1C29E1CC00A18D51 /* AppDelegate.h */,
				79BDA8BF1C29E1CC00A18D51 /* AppDelegate.m */,
				79D8477B1C2B2B4800540CAB /* QuizViewController.h */,
				79D8477C1C2B2B4800540CAB /* QuizViewController.m */,
				79D8477D1C2B2B4800540CAB /* QuizViewController.xib */,
				79BDA8C41C29E1CC00A18D51 /* Main.storyboard */,
				79BDA8C91C29E1CC00A18D51 /* LaunchScreen.storyboard */,
				79BDA8CC1C29E1CC00A18D51 /* Info.plist */,
				79BDA8C71C29E1CC00A18D51 /* Assets.xcassets */,
				79BDA8BB1C29E1CC00A18D51 /* Supporting Files */,
			);
			path = Quiz;
			sourceTree = "<group>";
		};
		79BDA8BB1C29E1CC00A18D51 /* Supporting Files */ = {
			isa = PBXGroup;
			children = (
				79BDA8BC1C29E1CC00A18D51 /* main.m */,
			);
			name = "Supporting Files";
			sourceTree = "<group>";
		};
		79BDA8D41C29E1CC00A18D51 /* QuizTests */ = {
			isa = PBXGroup;
			children = (
				79BDA8D51C29E1CC00A18D51 /* QuizTests.m */,
				79BDA8D71C29E1CC00A18D51 /* Info.plist */,
			);
			path = QuizTests;
			sourceTree = "<group>";
		};
		79BDA8DF1C29E1CD00A18D51 /* QuizUITests */ = {
			isa = PBXGroup;
			children = (
				79BDA8E01C29E1CD00A18D51 /* QuizUITests.m */,
				79BDA8E21C29E1CD00A18D51 /* Info.plist */,
			);
			path = QuizUITests;
			sourceTree = "<group>";
		};
/* End PBXGroup section */

/* Begin PBXNativeTarget section */
		79BDA8B71C29E1CC00A18D51 /* Quiz */ = {
			isa = PBXNativeTarget;
			buildConfigurationList = 79BDA8E51C29E1CD00A18D51 /* Build configuration list for PBXNativeTarget "Quiz" */;
			buildPhases = (
				79BDA8B41C29E1CC00A18D51 /* Sources */,
				79BDA8B51C29E1CC00A18D51 /* Frameworks */,
				79BDA8B61C29E1CC00A18D51 /* Resources */,
			);
			buildRules = (
			);
			dependencies = (
			);
			name = Quiz;
			productName = Quiz;
			productReference = 79BDA8B81C29E1CC00A18D51 /* Quiz.app */;
			productType = "com.apple.product-type.application";
		};
		79BDA8D01C29E1CC00A18D51 /* QuizTests */ = {
			isa = PBXNativeTarget;
			buildConfigurationList = 79BDA8E81C29E1CD00A18D51 /* Build configuration list for PBXNativeTarget "QuizTests" */;
			buildPhases = (
				79BDA8CD1C29E1CC00A18D51 /* Sources */,
				79BDA8CE1C29E1CC00A18D51 /* Frameworks */,
				79BDA8CF1C29E1CC00A18D51 /* Resources */,
			);
			buildRules = (
			);
			dependencies = (
				79BDA8D31C29E1CC00A18D51 /* PBXTargetDependency */,
			);
			name = QuizTests;
			productName = QuizTests;
			productReference = 79BDA8D11C29E1CC00A18D51 /* QuizTests.xctest */;
			productType = "com.apple.product-type.bundle.unit-test";
		};
		79BDA8DB1C29E1CD00A18D51 /* QuizUITests */ = {
			isa = PBXNativeTarget;
			buildConfigurationList = 79BDA8EB1C29E1CD00A18D51 /* Build configuration list for PBXNativeTarget "QuizUITests" */;
			buildPhases = (
				79BDA8D81C29E1CD00A18D51 /* Sources */,
				79BDA8D91C29E1CD00A18D51 /* Frameworks */,
				79BDA8DA1C29E1CD00A18D51 /* Resources */,
			);
			buildRules = (
			);
			dependencies = (
				79BDA8DE1C29E1CD00A18D51 /* PBXTargetDependency */,
			);
			name = QuizUITests;
			productName = QuizUITests;
			productReference = 79BDA8DC1C29E1CD00A18D51 /* QuizUITests.xctest */;
			productType = "com.apple.product-type.bundle.ui-testing";
		};
/* End PBXNativeTarget section */

/* Begin PBXProject section */
		79BDA8B01C29E1CC00A18D51 /* Project object */ = {
			isa = PBXProject;
			attributes = {
				LastUpgradeCheck = 0720;
				ORGANIZATIONNAME = "richard martin";
				TargetAttributes = {
					79BDA8B71C29E1CC00A18D51 = {
						CreatedOnToolsVersion = 7.2;
					};
					79BDA8D01C29E1CC00A18D51 = {
						CreatedOnToolsVersion = 7.2;
						TestTargetID = 79BDA8B71C29E1CC00A18D51;
					};
					79BDA8DB1C29E1CD00A18D51 = {
						CreatedOnToolsVersion = 7.2;
						TestTargetID = 79BDA8B71C29E1CC00A18D51;
					};
				};
			};
			buildConfigurationList = 79BDA8B31C29E1CC00A18D51 /* Build configuration list for PBXProject "Quiz" */;
			compatibilityVersion = "Xcode 3.2";
			developmentRegion = English;
			hasScannedForEncodings = 0;
			knownRegions = (
				en,
				Base,
			);
			mainGroup = 79BDA8AF1C29E1CC00A18D51;
			productRefGroup = 79BDA8B91C29E1CC00A18D51 /* Products */;
			projectDirPath = "";
			projectRoot = "";
			targets = (
				79BDA8B71C29E1CC00A18D51 /* Quiz */,
				79BDA8D01C29E1CC00A18D51 /* QuizTests */,
				79BDA8DB1C29E1CD00A18D51 /* QuizUITests */,
			);
		};
/* End PBXProject section */

/* Begin PBXResourcesBuildPhase section */
		79BDA8B61C29E1CC00A18D51 /* Resources */ = {
			isa = PBXResourcesBuildPhase;
			buildActionMask = 2147483647;
			files = (
				79BDA8CB1C29E1CC00A18D51 /* LaunchScreen.storyboard in Resources */,
				79BDA8C81C29E1CC00A18D51 /* Assets.xcassets in Resources */,
				79BDA8C61C29E1CC00A18D51 /* Main.storyboard in Resources */,
				79D8477F1C2B2B4800540CAB /* QuizViewController.xib in Resources */,
			);
			runOnlyForDeploymentPostprocessing = 0;
		};
		79BDA8CF1C29E1CC00A18D51 /* Resources */ = {
			isa = PBXResourcesBuildPhase;
			buildActionMask = 2147483647;
			files = (
			);
			runOnlyForDeploymentPostprocessing = 0;
		};
		79BDA8DA1C29E1CD00A18D51 /* Resources */ = {
			isa = PBXResourcesBuildPhase;
			buildActionMask = 2147483647;
			files = (
			);
			runOnlyForDeploymentPostprocessing = 0;
		};
/* End PBXResourcesBuildPhase section */

/* Begin PBXSourcesBuildPhase section */
		79BDA8B41C29E1CC00A18D51 /* Sources */ = {
			isa = PBXSourcesBuildPhase;
			buildActionMask = 2147483647;
			files = (
				79BDA8C01C29E1CC00A18D51 /* AppDelegate.m in Sources */,
				79BDA8BD1C29E1CC00A18D51 /* main.m in Sources */,
				79D8477E1C2B2B4800540CAB /* QuizViewController.m in Sources */,
			);
			runOnlyForDeploymentPostprocessing = 0;
		};
		79BDA8CD1C29E1CC00A18D51 /* Sources */ = {
			isa = PBXSourcesBuildPhase;
			buildActionMask = 2147483647;
			files = (
				79BDA8D61C29E1CC00A18D51 /* QuizTests.m in Sources */,
			);
			runOnlyForDeploymentPostprocessing = 0;
		};
		79BDA8D81C29E1CD00A18D51 /* Sources */ = {
			isa = PBXSourcesBuildPhase;
			buildActionMask = 2147483647;
			files = (
				79BDA8E11C29E1CD00A18D51 /* QuizUITests.m in Sources */,
			);
			runOnlyForDeploymentPostprocessing = 0;
		};
/* End PBXSourcesBuildPhase section */

/* Begin PBXTargetDependency section */
		79BDA8D31C29E1CC00A18D51 /* PBXTargetDependency */ = {
			isa = PBXTargetDependency;
			target = 79BDA8B71C29E1CC00A18D51 /* Quiz */;
			targetProxy = 79BDA8D21C29E1CC00A18D51 /* PBXContainerItemProxy */;
		};
		79BDA8DE1C29E1CD00A18D51 /* PBXTargetDependency */ = {
			isa = PBXTargetDependency;
			target = 79BDA8B71C29E1CC00A18D51 /* Quiz */;
			targetProxy = 79BDA8DD1C29E1CD00A18D51 /* PBXContainerItemProxy */;
		};
/* End PBXTargetDependency section */

/* Begin PBXVariantGroup section */
		79BDA8C41C29E1CC00A18D51 /* Main.storyboard */ = {
			isa = PBXVariantGroup;
			children = (
				79BDA8C51C29E1CC00A18D51 /* Base */,
			);
			name = Main.storyboard;
			sourceTree = "<group>";
		};
		79BDA8C91C29E1CC00A18D51 /* LaunchScreen.storyboard */ = {
			isa = PBXVariantGroup;
			children = (
				79BDA8CA1C29E1CC00A18D51 /* Base */,
			);
			name = LaunchScreen.storyboard;
			sourceTree = "<group>";
		};
/* End PBXVariantGroup section */

/* Begin XCBuildConfiguration section */
		79BDA8E31C29E1CD00A18D51 /* Debug */ = {
			isa = XCBuildConfiguration;
			buildSettings = {
				ALWAYS_SEARCH_USER_PATHS = NO;
				CLANG_CXX_LANGUAGE_STANDARD = "gnu++0x";
				CLANG_CXX_LIBRARY = "libc++";
				CLANG_ENABLE_MODULES = YES;
				CLANG_ENABLE_OBJC_ARC = YES;
				CLANG_WARN_BOOL_CONVERSION = YES;
				CLANG_WARN_CONSTANT_CONVERSION = YES;
				CLANG_WARN_DIRECT_OBJC_ISA_USAGE = YES_ERROR;
				CLANG_WARN_EMPTY_BODY = YES;
				CLANG_WARN_ENUM_CONVERSION = YES;
				CLANG_WARN_INT_CONVERSION = YES;
				CLANG_WARN_OBJC_ROOT_CLASS = YES_ERROR;
				CLANG_WARN_UNREACHABLE_CODE = YES;
				CLANG_WARN__DUPLICATE_METHOD_MATCH = YES;
				"CODE_SIGN_IDENTITY[sdk=iphoneos*]" = "iPhone Developer";
				COPY_PHASE_STRIP = NO;
				DEBUG_INFORMATION_FORMAT = dwarf;
				ENABLE_STRICT_OBJC_MSGSEND = YES;
				ENABLE_TESTABILITY = YES;
				GCC_C_LANGUAGE_STANDARD = gnu99;
				GCC_DYNAMIC_NO_PIC = NO;
				GCC_NO_COMMON_BLOCKS = YES;
				GCC_OPTIMIZATION_LEVEL = 0;
				GCC_PREPROCESSOR_DEFINITIONS = (
					"DEBUG=1",
					"$(inherited)",
				);
				GCC_WARN_64_TO_32_BIT_CONVERSION = YES;
				GCC_WARN_ABOUT_RETURN_TYPE = YES_ERROR;
				GCC_WARN_UNDECLARED_SELECTOR = YES;
				GCC_WARN_UNINITIALIZED_AUTOS = YES_AGGRESSIVE;
				GCC_WARN_UNUSED_FUNCTION = YES;
				GCC_WARN_UNUSED_VARIABLE = YES;
				IPHONEOS_DEPLOYMENT_TARGET = 9.2;
				MTL_ENABLE_DEBUG_INFO = YES;
				ONLY_ACTIVE_ARCH = YES;
				SDKROOT = iphoneos;
			};
			name = Debug;
		};
		79BDA8E41C29E1CD00A18D51 /* Release */ = {
			isa = XCBuildConfiguration;
			buildSettings = {
				ALWAYS_SEARCH_USER_PATHS = NO;
				CLANG_CXX_LANGUAGE_STANDARD = "gnu++0x";
				CLANG_CXX_LIBRARY = "libc++";
				CLANG_ENABLE_MODULES = YES;
				CLANG_ENABLE_OBJC_ARC = YES;
				CLANG_WARN_BOOL_CONVERSION = YES;
				CLANG_WARN_CONSTANT_CONVERSION = YES;
				CLANG_WARN_DIRECT_OBJC_ISA_USAGE = YES_ERROR;
				CLANG_WARN_EMPTY_BODY = YES;
				CLANG_WARN_ENUM_CONVERSION = YES;
				CLANG_WARN_INT_CONVERSION = YES;
				CLANG_WARN_OBJC_ROOT_CLASS = YES_ERROR;
				CLANG_WARN_UNREACHABLE_CODE = YES;
				CLANG_WARN__DUPLICATE_METHOD_MATCH = YES;
				"CODE_SIGN_IDENTITY[sdk=iphoneos*]" = "iPhone Developer";
				COPY_PHASE_STRIP = NO;
				DEBUG_INFORMATION_FORMAT = "dwarf-with-dsym";
				ENABLE_NS_ASSERTIONS = NO;
				ENABLE_STRICT_OBJC_MSGSEND = YES;
				GCC_C_LANGUAGE_STANDARD = gnu99;
				GCC_NO_COMMON_BLOCKS = YES;
				GCC_WARN_64_TO_32_BIT_CONVERSION = YES;
				GCC_WARN_ABOUT_RETURN_TYPE = YES_ERROR;
				GCC_WARN_UNDECLARED_SELECTOR = YES;
				GCC_WARN_UNINITIALIZED_AUTOS = YES_AGGRESSIVE;
				GCC_WARN_UNUSED_FUNCTION = YES;
				GCC_WARN_UNUSED_VARIABLE = YES;
				IPHONEOS_DEPLOYMENT_TARGET = 9.2;
				MTL_ENABLE_DEBUG_INFO = NO;
				SDKROOT = iphoneos;
				VALIDATE_PRODUCT = YES;
			};
			name = Release;
		};
		79BDA8E61C29E1CD00A18D51 /* Debug */ = {
			isa = XCBuildConfiguration;
			buildSettings = {
				ASSETCATALOG_COMPILER_APPICON_NAME = AppIcon;
				INFOPLIST_FILE = Quiz/Info.plist;
				LD_RUNPATH_SEARCH_PATHS = "$(inherited) @executable_path/Frameworks";
				PRODUCT_BUNDLE_IDENTIFIER = me.richardgmartin.Quiz;
				PRODUCT_NAME = "$(TARGET_NAME)";
			};
			name = Debug;
		};
		79BDA8E71C29E1CD00A18D51 /* Release */ = {
			isa = XCBuildConfiguration;
			buildSettings = {
				ASSETCATALOG_COMPILER_APPICON_NAME = AppIcon;
				INFOPLIST_FILE = Quiz/Info.plist;
				LD_RUNPATH_SEARCH_PATHS = "$(inherited) @executable_path/Frameworks";
				PRODUCT_BUNDLE_IDENTIFIER = me.richardgmartin.Quiz;
				PRODUCT_NAME = "$(TARGET_NAME)";
			};
			name = Release;
		};
		79BDA8E91C29E1CD00A18D51 /* Debug */ = {
			isa = XCBuildConfiguration;
			buildSettings = {
				BUNDLE_LOADER = "$(TEST_HOST)";
				INFOPLIST_FILE = QuizTests/Info.plist;
				LD_RUNPATH_SEARCH_PATHS = "$(inherited) @executable_path/Frameworks @loader_path/Frameworks";
				PRODUCT_BUNDLE_IDENTIFIER = me.richardgmartin.QuizTests;
				PRODUCT_NAME = "$(TARGET_NAME)";
				TEST_HOST = "$(BUILT_PRODUCTS_DIR)/Quiz.app/Quiz";
			};
			name = Debug;
		};
		79BDA8EA1C29E1CD00A18D51 /* Release */ = {
			isa = XCBuildConfiguration;
			buildSettings = {
				BUNDLE_LOADER = "$(TEST_HOST)";
				INFOPLIST_FILE = QuizTests/Info.plist;
				LD_RUNPATH_SEARCH_PATHS = "$(inherited) @executable_path/Frameworks @loader_path/Frameworks";
				PRODUCT_BUNDLE_IDENTIFIER = me.richardgmartin.QuizTests;
				PRODUCT_NAME = "$(TARGET_NAME)";
				TEST_HOST = "$(BUILT_PRODUCTS_DIR)/Quiz.app/Quiz";
			};
			name = Release;
		};
		79BDA8EC1C29E1CD00A18D51 /* Debug */ = {
			isa = XCBuildConfiguration;
			buildSettings = {
				INFOPLIST_FILE = QuizUITests/Info.plist;
				LD_RUNPATH_SEARCH_PATHS = "$(inherited) @executable_path/Frameworks @loader_path/Frameworks";
				PRODUCT_BUNDLE_IDENTIFIER = me.richardgmartin.QuizUITests;
				PRODUCT_NAME = "$(TARGET_NAME)";
				TEST_TARGET_NAME = Quiz;
				USES_XCTRUNNER = YES;
			};
			name = Debug;
		};
		79BDA8ED1C29E1CD00A18D51 /* Release */ = {
			isa = XCBuildConfiguration;
			buildSettings = {
				INFOPLIST_FILE = QuizUITests/Info.plist;
				LD_RUNPATH_SEARCH_PATHS = "$(inherited) @executable_path/Frameworks @loader_path/Frameworks";
				PRODUCT_BUNDLE_IDENTIFIER = me.richardgmartin.QuizUITests;
				PRODUCT_NAME = "$(TARGET_NAME)";
				TEST_TARGET_NAME = Quiz;
				USES_XCTRUNNER = YES;
			};
			name = Release;
		};
/* End XCBuildConfiguration section */

/* Begin XCConfigurationList section */
		79BDA8B31C29E1CC00A18D51 /* Build configuration list for PBXProject "Quiz" */ = {
			isa = XCConfigurationList;
			buildConfigurations = (
				79BDA8E31C29E1CD00A18D51 /* Debug */,
				79BDA8E41C29E1CD00A18D51 /* Release */,
			);
			defaultConfigurationIsVisible = 0;
			defaultConfigurationName = Release;
		};
		79BDA8E51C29E1CD00A18D51 /* Build configuration list for PBXNativeTarget "Quiz" */ = {
			isa = XCConfigurationList;
			buildConfigurations = (
				79BDA8E61C29E1CD00A18D51 /* Debug */,
				79BDA8E71C29E1CD00A18D51 /* Release */,
			);
			defaultConfigurationIsVisible = 0;
			defaultConfigurationName = Release;
		};
		79BDA8E81C29E1CD00A18D51 /* Build configuration list for PBXNativeTarget "QuizTests" */ = {
			isa = XCConfigurationList;
			buildConfigurations = (
				79BDA8E91C29E1CD00A18D51 /* Debug */,
				79BDA8EA1C29E1CD00A18D51 /* Release */,
			);
			defaultConfigurationIsVisible = 0;
			defaultConfigurationName = Release;
		};
		79BDA8EB1C29E1CD00A18D51 /* Build configuration list for PBXNativeTarget "QuizUITests" */ = {
			isa = XCConfigurationList;
			buildConfigurations = (
				79BDA8EC1C29E1CD00A18D51 /* Debug */,
				79BDA8ED1C29E1CD00A18D51 /* Release */,
			);
			defaultConfigurationIsVisible = 0;
			defaultConfigurationName = Release;
		};
/* End XCConfigurationList section */
	};
	rootObject = 79BDA8B01C29E1CC00A18D51 /* Project object */;
}
